
Microsoft Visual Studio Solution File, Format Version 12.00
# Visual Studio Version 17
VisualStudioVersion = 17.6.33829.357
MinimumVisualStudioVersion = 10.0.40219.1
Project("{FAE04EC0-301F-11D3-BF4B-00C04F79EFBC}") = "ConsoleApp39", "ConsoleApp39.csproj", "{0C9ED845-934A-4549-B202-C9601BE1226B}"
EndProject
Global
	GlobalSection(SolutionConfigurationPlatforms) = preSolution
		Debug|Any CPU = Debug|Any CPU
		Release|Any CPU = Release|Any CPU
	EndGlobalSection
	GlobalSection(ProjectConfigurationPlatforms) = postSolution
		{0C9ED845-934A-4549-B202-C9601BE1226B}.Debug|Any CPU.ActiveCfg = Debug|Any CPU
		{0C9ED845-934A-4549-B202-C9601BE1226B}.Debug|Any CPU.Build.0 = Debug|Any CPU
		{0C9ED845-934A-4549-B202-C9601BE1226B}.Release|Any CPU.ActiveCfg = Release|Any CPU
		{0C9ED845-934A-4549-B202-C9601BE1226B}.Release|Any CPU.Build.0 = Release|Any CPU
	EndGlobalSection
	GlobalSection(SolutionProperties) = preSolution
		HideSolutionNode = FALSE
	EndGlobalSection
	GlobalSection(ExtensibilityGlobals) = postSolution
		SolutionGuid = {3C923C65-E3CA-43E4-AABB-B24BD942CECD}
	EndGlobalSection
EndGlobal
